
Microsoft Visual Studio Solution File, Format Version 12.00
# Visual Studio 15
VisualStudioVersion = 15.0.28307.421
MinimumVisualStudioVersion = 10.0.40219.1
Project("{FAE04EC0-301F-11D3-BF4B-00C04F79EFBC}") = "01ClassesHW", "01ClassesHW\01ClassesHW.csproj", "{4C1CC8AB-93DB-454D-AA66-425A74E69DCB}"
EndProject
Project("{FAE04EC0-301F-11D3-BF4B-00C04F79EFBC}") = "02ClassesHW", "02ClassesHW\02ClassesHW.csproj", "{6988C1E5-1910-4244-ABB2-2FF14616B6F6}"
EndProject
Project("{FAE04EC0-301F-11D3-BF4B-00C04F79EFBC}") = "03ClassesHW", "03ClassesHW\03ClassesHW.csproj", "{608BDE52-FE5D-4012-BD92-059774B21FFF}"
EndProject
Global
	GlobalSection(SolutionConfigurationPlatforms) = preSolution
		Debug|Any CPU = Debug|Any CPU
		Release|Any CPU = Release|Any CPU
	EndGlobalSection
	GlobalSection(ProjectConfigurationPlatforms) = postSolution
		{4C1CC8AB-93DB-454D-AA66-425A74E69DCB}.Debug|Any CPU.ActiveCfg = Debug|Any CPU
		{4C1CC8AB-93DB-454D-AA66-425A74E69DCB}.Debug|Any CPU.Build.0 = Debug|Any CPU
		{4C1CC8AB-93DB-454D-AA66-425A74E69DCB}.Release|Any CPU.ActiveCfg = Release|Any CPU
		{4C1CC8AB-93DB-454D-AA66-425A74E69DCB}.Release|Any CPU.Build.0 = Release|Any CPU
		{6988C1E5-1910-4244-ABB2-2FF14616B6F6}.Debug|Any CPU.ActiveCfg = Debug|Any CPU
		{6988C1E5-1910-4244-ABB2-2FF14616B6F6}.Debug|Any CPU.Build.0 = Debug|Any CPU
		{6988C1E5-1910-4244-ABB2-2FF14616B6F6}.Release|Any CPU.ActiveCfg = Release|Any CPU
		{6988C1E5-1910-4244-ABB2-2FF14616B6F6}.Release|Any CPU.Build.0 = Release|Any CPU
		{608BDE52-FE5D-4012-BD92-059774B21FFF}.Debug|Any CPU.ActiveCfg = Debug|Any CPU
		{608BDE52-FE5D-4012-BD92-059774B21FFF}.Debug|Any CPU.Build.0 = Debug|Any CPU
		{608BDE52-FE5D-4012-BD92-059774B21FFF}.Release|Any CPU.ActiveCfg = Release|Any CPU
		{608BDE52-FE5D-4012-BD92-059774B21FFF}.Release|Any CPU.Build.0 = Release|Any CPU
	EndGlobalSection
	GlobalSection(SolutionProperties) = preSolution
		HideSolutionNode = FALSE
	EndGlobalSection
	GlobalSection(ExtensibilityGlobals) = postSolution
		SolutionGuid = {77BBFF79-1D51-4B57-89F4-47D797836747}
	EndGlobalSection
EndGlobal
